
Microsoft Visual Studio Solution File, Format Version 12.00
# Visual Studio Version 16
VisualStudioVersion = 16.0.30804.86
MinimumVisualStudioVersion = 10.0.40219.1
Project("{FAE04EC0-301F-11D3-BF4B-00C04F79EFBC}") = "EJ1", "EJ1\EJ1.csproj", "{985459F0-DB38-4177-86A6-F24962D1F24A}"
EndProject
Global
	GlobalSection(SolutionConfigurationPlatforms) = preSolution
		Debug|Any CPU = Debug|Any CPU
		Release|Any CPU = Release|Any CPU
	EndGlobalSection
	GlobalSection(ProjectConfigurationPlatforms) = postSolution
		{985459F0-DB38-4177-86A6-F24962D1F24A}.Debug|Any CPU.ActiveCfg = Debug|Any CPU
		{985459F0-DB38-4177-86A6-F24962D1F24A}.Debug|Any CPU.Build.0 = Debug|Any CPU
		{985459F0-DB38-4177-86A6-F24962D1F24A}.Release|Any CPU.ActiveCfg = Release|Any CPU
		{985459F0-DB38-4177-86A6-F24962D1F24A}.Release|Any CPU.Build.0 = Release|Any CPU
	EndGlobalSection
	GlobalSection(SolutionProperties) = preSolution
		HideSolutionNode = FALSE
	EndGlobalSection
	GlobalSection(ExtensibilityGlobals) = postSolution
		SolutionGuid = {085396A5-67A3-4B42-A920-B978B93D0567}
	EndGlobalSection
EndGlobal
